
Microsoft Visual Studio Solution File, Format Version 12.00
# Visual Studio Version 16
VisualStudioVersion = 16.0.32413.511
MinimumVisualStudioVersion = 10.0.40219.1
Project("{FAE04EC0-301F-11D3-BF4B-00C04F79EFBC}") = "MediaTekDocuments", "MediaTekDocuments\MediaTekDocuments.csproj", "{75DE903D-6147-4E14-BBE0-FA20CD1F9840}"
EndProject
Project("{9A19103F-16F7-4668-BE54-9A1E7A4F7556}") = "TestMediaTekDocuments", "TestMediaTekDocuments\TestMediaTekDocuments.csproj", "{52F62B4F-70C7-4662-A0AD-5F573B827B63}"
EndProject
Project("{FAE04EC0-301F-11D3-BF4B-00C04F79EFBC}") = "MediaTekDocumentsTests", "MediaTekDocumentsTests\MediaTekDocumentsTests.csproj", "{12B739C6-FFC5-45B0-8402-AAD42524F901}"
EndProject
Project("{9A19103F-16F7-4668-BE54-9A1E7A4F7556}") = "SpecFlowProject1", "SpecFlowProject1\SpecFlowProject1.csproj", "{A8829C02-3071-41F4-A609-CCED8C0A92B9}"
EndProject
Project("{FAE04EC0-301F-11D3-BF4B-00C04F79EFBC}") = "SpecFlowProject4", "SpecFlowProject4\SpecFlowProject4.csproj", "{D5E3D95D-354B-4803-9059-F043013D33E3}"
EndProject
Project("{54435603-DBB4-11D2-8724-00A0C9A8B90C}") = "SuperMediatek", "SuperMediatek\SuperMediatek.vdproj", "{734EAE82-B5BE-48D6-B289-107D7D07B4DA}"
EndProject
Global
	GlobalSection(SolutionConfigurationPlatforms) = preSolution
		Debug|Any CPU = Debug|Any CPU
		Release|Any CPU = Release|Any CPU
	EndGlobalSection
	GlobalSection(ProjectConfigurationPlatforms) = postSolution
		{75DE903D-6147-4E14-BBE0-FA20CD1F9840}.Debug|Any CPU.ActiveCfg = Debug|Any CPU
		{75DE903D-6147-4E14-BBE0-FA20CD1F9840}.Debug|Any CPU.Build.0 = Debug|Any CPU
		{75DE903D-6147-4E14-BBE0-FA20CD1F9840}.Release|Any CPU.ActiveCfg = Release|Any CPU
		{75DE903D-6147-4E14-BBE0-FA20CD1F9840}.Release|Any CPU.Build.0 = Release|Any CPU
		{52F62B4F-70C7-4662-A0AD-5F573B827B63}.Debug|Any CPU.ActiveCfg = Debug|Any CPU
		{52F62B4F-70C7-4662-A0AD-5F573B827B63}.Debug|Any CPU.Build.0 = Debug|Any CPU
		{52F62B4F-70C7-4662-A0AD-5F573B827B63}.Release|Any CPU.ActiveCfg = Release|Any CPU
		{52F62B4F-70C7-4662-A0AD-5F573B827B63}.Release|Any CPU.Build.0 = Release|Any CPU
		{12B739C6-FFC5-45B0-8402-AAD42524F901}.Debug|Any CPU.ActiveCfg = Debug|Any CPU
		{12B739C6-FFC5-45B0-8402-AAD42524F901}.Debug|Any CPU.Build.0 = Debug|Any CPU
		{12B739C6-FFC5-45B0-8402-AAD42524F901}.Release|Any CPU.ActiveCfg = Release|Any CPU
		{12B739C6-FFC5-45B0-8402-AAD42524F901}.Release|Any CPU.Build.0 = Release|Any CPU
		{A8829C02-3071-41F4-A609-CCED8C0A92B9}.Debug|Any CPU.ActiveCfg = Debug|Any CPU
		{A8829C02-3071-41F4-A609-CCED8C0A92B9}.Debug|Any CPU.Build.0 = Debug|Any CPU
		{A8829C02-3071-41F4-A609-CCED8C0A92B9}.Release|Any CPU.ActiveCfg = Release|Any CPU
		{A8829C02-3071-41F4-A609-CCED8C0A92B9}.Release|Any CPU.Build.0 = Release|Any CPU
		{D5E3D95D-354B-4803-9059-F043013D33E3}.Debug|Any CPU.ActiveCfg = Debug|Any CPU
		{D5E3D95D-354B-4803-9059-F043013D33E3}.Debug|Any CPU.Build.0 = Debug|Any CPU
		{D5E3D95D-354B-4803-9059-F043013D33E3}.Release|Any CPU.ActiveCfg = Release|Any CPU
		{D5E3D95D-354B-4803-9059-F043013D33E3}.Release|Any CPU.Build.0 = Release|Any CPU
		{734EAE82-B5BE-48D6-B289-107D7D07B4DA}.Debug|Any CPU.ActiveCfg = Debug
		{734EAE82-B5BE-48D6-B289-107D7D07B4DA}.Debug|Any CPU.Build.0 = Debug
		{734EAE82-B5BE-48D6-B289-107D7D07B4DA}.Release|Any CPU.ActiveCfg = Release
		{734EAE82-B5BE-48D6-B289-107D7D07B4DA}.Release|Any CPU.Build.0 = Release
	EndGlobalSection
	GlobalSection(SolutionProperties) = preSolution
		HideSolutionNode = FALSE
	EndGlobalSection
	GlobalSection(ExtensibilityGlobals) = postSolution
		SolutionGuid = {9B2569CA-5E60-4743-9497-FCE8940AD153}
	EndGlobalSection
EndGlobal
